
Microsoft Visual Studio Solution File, Format Version 12.00
# Visual Studio Version 17
VisualStudioVersion = 17.0.32014.148
MinimumVisualStudioVersion = 10.0.40219.1
Project("{9A19103F-16F7-4668-BE54-9A1E7A4F7556}") = "ElasticKibanaSample", "ElasticKibanaSample\ElasticKibanaSample.csproj", "{BE34B7D0-A3F5-4B6B-AAC4-3DCF42E28918}"
EndProject
Project("{2150E333-8FDC-42A3-9474-1A3956D46DE8}") = "Solution Items", "Solution Items", "{63FACDE0-BD82-44DC-AC53-9E0543069083}"
	ProjectSection(SolutionItems) = preProject
		docker-compose.yml = docker-compose.yml
	EndProjectSection
EndProject
Global
	GlobalSection(SolutionConfigurationPlatforms) = preSolution
		Debug|Any CPU = Debug|Any CPU
		Release|Any CPU = Release|Any CPU
	EndGlobalSection
	GlobalSection(ProjectConfigurationPlatforms) = postSolution
		{BE34B7D0-A3F5-4B6B-AAC4-3DCF42E28918}.Debug|Any CPU.ActiveCfg = Debug|Any CPU
		{BE34B7D0-A3F5-4B6B-AAC4-3DCF42E28918}.Debug|Any CPU.Build.0 = Debug|Any CPU
		{BE34B7D0-A3F5-4B6B-AAC4-3DCF42E28918}.Release|Any CPU.ActiveCfg = Release|Any CPU
		{BE34B7D0-A3F5-4B6B-AAC4-3DCF42E28918}.Release|Any CPU.Build.0 = Release|Any CPU
	EndGlobalSection
	GlobalSection(SolutionProperties) = preSolution
		HideSolutionNode = FALSE
	EndGlobalSection
	GlobalSection(ExtensibilityGlobals) = postSolution
		SolutionGuid = {5AF7EBD4-F72B-4024-8041-2F814D4029AA}
	EndGlobalSection
EndGlobal
